
Microsoft Visual Studio Solution File, Format Version 12.00
# Visual Studio 14
VisualStudioVersion = 14.0.25123.0
MinimumVisualStudioVersion = 10.0.40219.1
Project("{8BC9CEB8-8B4A-11D0-8D11-00A0C91BC942}") = "fn45254_prob1_vc", "fn45254_prob1_vc\fn45254_prob1_vc.vcxproj", "{63C50949-10A6-4B28-B260-C42951196D58}"
EndProject
Project("{8BC9CEB8-8B4A-11D0-8D11-00A0C91BC942}") = "fn45254_prob2_vc", "fn45254_prob2_vc\fn45254_prob2_vc.vcxproj", "{225F08CA-04D9-4EDC-93D8-E9984F63F79F}"
EndProject
Project("{8BC9CEB8-8B4A-11D0-8D11-00A0C91BC942}") = "fn45254_prob3_vc", "fn45254_prob3_vc\fn45254_prob3_vc.vcxproj", "{A883431F-D895-457A-925B-A981B73CCE44}"
EndProject
Project("{8BC9CEB8-8B4A-11D0-8D11-00A0C91BC942}") = "fn45254_prob4_vc", "fn45254_prob4_vc\fn45254_prob4_vc.vcxproj", "{6F54C05C-5388-4D3B-80D3-F65B22F85A8B}"
EndProject
Project("{8BC9CEB8-8B4A-11D0-8D11-00A0C91BC942}") = "fn45254_prob5_vc", "fn45254_prob5_vc\fn45254_prob5_vc.vcxproj", "{C03153A8-0A9A-4DDE-94B0-38B448899197}"
EndProject
Project("{8BC9CEB8-8B4A-11D0-8D11-00A0C91BC942}") = "fn45254_prob6_vc", "fn45254_prob6_vc\fn45254_prob6_vc.vcxproj", "{00762791-0B32-485C-B22F-990F2252B32D}"
EndProject
Project("{8BC9CEB8-8B4A-11D0-8D11-00A0C91BC942}") = "fn45254_prob7_vc", "fn45254_prob7_vc\fn45254_prob7_vc.vcxproj", "{ABD8C4DA-73C1-4C87-B790-EF4489DD7CD3}"
EndProject
Project("{8BC9CEB8-8B4A-11D0-8D11-00A0C91BC942}") = "fn45254_prob8_vc", "fn45254_prob8_vc\fn45254_prob8_vc.vcxproj", "{62E938A1-A533-4FFB-8969-7CE26C3CD960}"
EndProject
Project("{8BC9CEB8-8B4A-11D0-8D11-00A0C91BC942}") = "fn45254_prob9_vc", "fn45254_prob9_vc\fn45254_prob9_vc.vcxproj", "{4DC6505D-4E30-4EB0-9FA3-2C90CF881168}"
EndProject
Project("{8BC9CEB8-8B4A-11D0-8D11-00A0C91BC942}") = "fn45254_prob10_vc", "fn45254_prob10_vc\fn45254_prob10_vc.vcxproj", "{85025836-E673-4FC8-B48E-F505D8C511E3}"
EndProject
Global
	GlobalSection(SolutionConfigurationPlatforms) = preSolution
		Debug|x64 = Debug|x64
		Debug|x86 = Debug|x86
		Release|x64 = Release|x64
		Release|x86 = Release|x86
	EndGlobalSection
	GlobalSection(ProjectConfigurationPlatforms) = postSolution
		{63C50949-10A6-4B28-B260-C42951196D58}.Debug|x64.ActiveCfg = Debug|x64
		{63C50949-10A6-4B28-B260-C42951196D58}.Debug|x64.Build.0 = Debug|x64
		{63C50949-10A6-4B28-B260-C42951196D58}.Debug|x86.ActiveCfg = Debug|Win32
		{63C50949-10A6-4B28-B260-C42951196D58}.Debug|x86.Build.0 = Debug|Win32
		{63C50949-10A6-4B28-B260-C42951196D58}.Release|x64.ActiveCfg = Release|x64
		{63C50949-10A6-4B28-B260-C42951196D58}.Release|x64.Build.0 = Release|x64
		{63C50949-10A6-4B28-B260-C42951196D58}.Release|x86.ActiveCfg = Release|Win32
		{63C50949-10A6-4B28-B260-C42951196D58}.Release|x86.Build.0 = Release|Win32
		{225F08CA-04D9-4EDC-93D8-E9984F63F79F}.Debug|x64.ActiveCfg = Debug|x64
		{225F08CA-04D9-4EDC-93D8-E9984F63F79F}.Debug|x64.Build.0 = Debug|x64
		{225F08CA-04D9-4EDC-93D8-E9984F63F79F}.Debug|x86.ActiveCfg = Debug|Win32
		{225F08CA-04D9-4EDC-93D8-E9984F63F79F}.Debug|x86.Build.0 = Debug|Win32
		{225F08CA-04D9-4EDC-93D8-E9984F63F79F}.Release|x64.ActiveCfg = Release|x64
		{225F08CA-04D9-4EDC-93D8-E9984F63F79F}.Release|x64.Build.0 = Release|x64
		{225F08CA-04D9-4EDC-93D8-E9984F63F79F}.Release|x86.ActiveCfg = Release|Win32
		{225F08CA-04D9-4EDC-93D8-E9984F63F79F}.Release|x86.Build.0 = Release|Win32
		{A883431F-D895-457A-925B-A981B73CCE44}.Debug|x64.ActiveCfg = Debug|x64
		{A883431F-D895-457A-925B-A981B73CCE44}.Debug|x64.Build.0 = Debug|x64
		{A883431F-D895-457A-925B-A981B73CCE44}.Debug|x86.ActiveCfg = Debug|Win32
		{A883431F-D895-457A-925B-A981B73CCE44}.Debug|x86.Build.0 = Debug|Win32
		{A883431F-D895-457A-925B-A981B73CCE44}.Release|x64.ActiveCfg = Release|x64
		{A883431F-D895-457A-925B-A981B73CCE44}.Release|x64.Build.0 = Release|x64
		{A883431F-D895-457A-925B-A981B73CCE44}.Release|x86.ActiveCfg = Release|Win32
		{A883431F-D895-457A-925B-A981B73CCE44}.Release|x86.Build.0 = Release|Win32
		{6F54C05C-5388-4D3B-80D3-F65B22F85A8B}.Debug|x64.ActiveCfg = Debug|x64
		{6F54C05C-5388-4D3B-80D3-F65B22F85A8B}.Debug|x64.Build.0 = Debug|x64
		{6F54C05C-5388-4D3B-80D3-F65B22F85A8B}.Debug|x86.ActiveCfg = Debug|Win32
		{6F54C05C-5388-4D3B-80D3-F65B22F85A8B}.Debug|x86.Build.0 = Debug|Win32
		{6F54C05C-5388-4D3B-80D3-F65B22F85A8B}.Release|x64.ActiveCfg = Release|x64
		{6F54C05C-5388-4D3B-80D3-F65B22F85A8B}.Release|x64.Build.0 = Release|x64
		{6F54C05C-5388-4D3B-80D3-F65B22F85A8B}.Release|x86.ActiveCfg = Release|Win32
		{6F54C05C-5388-4D3B-80D3-F65B22F85A8B}.Release|x86.Build.0 = Release|Win32
		{C03153A8-0A9A-4DDE-94B0-38B448899197}.Debug|x64.ActiveCfg = Debug|x64
		{C03153A8-0A9A-4DDE-94B0-38B448899197}.Debug|x64.Build.0 = Debug|x64
		{C03153A8-0A9A-4DDE-94B0-38B448899197}.Debug|x86.ActiveCfg = Debug|Win32
		{C03153A8-0A9A-4DDE-94B0-38B448899197}.Debug|x86.Build.0 = Debug|Win32
		{C03153A8-0A9A-4DDE-94B0-38B448899197}.Release|x64.ActiveCfg = Release|x64
		{C03153A8-0A9A-4DDE-94B0-38B448899197}.Release|x64.Build.0 = Release|x64
		{C03153A8-0A9A-4DDE-94B0-38B448899197}.Release|x86.ActiveCfg = Release|Win32
		{C03153A8-0A9A-4DDE-94B0-38B448899197}.Release|x86.Build.0 = Release|Win32
		{00762791-0B32-485C-B22F-990F2252B32D}.Debug|x64.ActiveCfg = Debug|x64
		{00762791-0B32-485C-B22F-990F2252B32D}.Debug|x64.Build.0 = Debug|x64
		{00762791-0B32-485C-B22F-990F2252B32D}.Debug|x86.ActiveCfg = Debug|Win32
		{00762791-0B32-485C-B22F-990F2252B32D}.Debug|x86.Build.0 = Debug|Win32
		{00762791-0B32-485C-B22F-990F2252B32D}.Release|x64.ActiveCfg = Release|x64
		{00762791-0B32-485C-B22F-990F2252B32D}.Release|x64.Build.0 = Release|x64
		{00762791-0B32-485C-B22F-990F2252B32D}.Release|x86.ActiveCfg = Release|Win32
		{00762791-0B32-485C-B22F-990F2252B32D}.Release|x86.Build.0 = Release|Win32
		{ABD8C4DA-73C1-4C87-B790-EF4489DD7CD3}.Debug|x64.ActiveCfg = Debug|x64
		{ABD8C4DA-73C1-4C87-B790-EF4489DD7CD3}.Debug|x64.Build.0 = Debug|x64
		{ABD8C4DA-73C1-4C87-B790-EF4489DD7CD3}.Debug|x86.ActiveCfg = Debug|Win32
		{ABD8C4DA-73C1-4C87-B790-EF4489DD7CD3}.Debug|x86.Build.0 = Debug|Win32
		{ABD8C4DA-73C1-4C87-B790-EF4489DD7CD3}.Release|x64.ActiveCfg = Release|x64
		{ABD8C4DA-73C1-4C87-B790-EF4489DD7CD3}.Release|x64.Build.0 = Release|x64
		{ABD8C4DA-73C1-4C87-B790-EF4489DD7CD3}.Release|x86.ActiveCfg = Release|Win32
		{ABD8C4DA-73C1-4C87-B790-EF4489DD7CD3}.Release|x86.Build.0 = Release|Win32
		{62E938A1-A533-4FFB-8969-7CE26C3CD960}.Debug|x64.ActiveCfg = Debug|x64
		{62E938A1-A533-4FFB-8969-7CE26C3CD960}.Debug|x64.Build.0 = Debug|x64
		{62E938A1-A533-4FFB-8969-7CE26C3CD960}.Debug|x86.ActiveCfg = Debug|Win32
		{62E938A1-A533-4FFB-8969-7CE26C3CD960}.Debug|x86.Build.0 = Debug|Win32
		{62E938A1-A533-4FFB-8969-7CE26C3CD960}.Release|x64.ActiveCfg = Release|x64
		{62E938A1-A533-4FFB-8969-7CE26C3CD960}.Release|x64.Build.0 = Release|x64
		{62E938A1-A533-4FFB-8969-7CE26C3CD960}.Release|x86.ActiveCfg = Release|Win32
		{62E938A1-A533-4FFB-8969-7CE26C3CD960}.Release|x86.Build.0 = Release|Win32
		{4DC6505D-4E30-4EB0-9FA3-2C90CF881168}.Debug|x64.ActiveCfg = Debug|x64
		{4DC6505D-4E30-4EB0-9FA3-2C90CF881168}.Debug|x64.Build.0 = Debug|x64
		{4DC6505D-4E30-4EB0-9FA3-2C90CF881168}.Debug|x86.ActiveCfg = Debug|Win32
		{4DC6505D-4E30-4EB0-9FA3-2C90CF881168}.Debug|x86.Build.0 = Debug|Win32
		{4DC6505D-4E30-4EB0-9FA3-2C90CF881168}.Release|x64.ActiveCfg = Release|x64
		{4DC6505D-4E30-4EB0-9FA3-2C90CF881168}.Release|x64.Build.0 = Release|x64
		{4DC6505D-4E30-4EB0-9FA3-2C90CF881168}.Release|x86.ActiveCfg = Release|Win32
		{4DC6505D-4E30-4EB0-9FA3-2C90CF881168}.Release|x86.Build.0 = Release|Win32
		{85025836-E673-4FC8-B48E-F505D8C511E3}.Debug|x64.ActiveCfg = Debug|x64
		{85025836-E673-4FC8-B48E-F505D8C511E3}.Debug|x64.Build.0 = Debug|x64
		{85025836-E673-4FC8-B48E-F505D8C511E3}.Debug|x86.ActiveCfg = Debug|Win32
		{85025836-E673-4FC8-B48E-F505D8C511E3}.Debug|x86.Build.0 = Debug|Win32
		{85025836-E673-4FC8-B48E-F505D8C511E3}.Release|x64.ActiveCfg = Release|x64
		{85025836-E673-4FC8-B48E-F505D8C511E3}.Release|x64.Build.0 = Release|x64
		{85025836-E673-4FC8-B48E-F505D8C511E3}.Release|x86.ActiveCfg = Release|Win32
		{85025836-E673-4FC8-B48E-F505D8C511E3}.Release|x86.Build.0 = Release|Win32
	EndGlobalSection
	GlobalSection(SolutionProperties) = preSolution
		HideSolutionNode = FALSE
	EndGlobalSection
EndGlobal
